
Microsoft Visual Studio Solution File, Format Version 12.00
# Visual Studio Version 17
VisualStudioVersion = 17.0.31903.59
MinimumVisualStudioVersion = 10.0.40219.1
Project("{2150E333-8FDC-42A3-9474-1A3956D46DE8}") = "source", "source", "{34C46EA8-A3F0-42C7-9D54-9F983CE87261}"
EndProject
Project("{2150E333-8FDC-42A3-9474-1A3956D46DE8}") = "Services", "Services", "{22694B67-62A4-4DFF-ACEE-067734C2E426}"
EndProject
Project("{9A19103F-16F7-4668-BE54-9A1E7A4F7556}") = "LM.Orders.Api", "source\Services\LM.Orders.Api\LM.Orders.Api.csproj", "{7134AEFA-9988-425D-8CAD-862EE3222DD2}"
EndProject
Project("{9A19103F-16F7-4668-BE54-9A1E7A4F7556}") = "LM.Orders.Application", "source\Services\LM.Orders.Application\LM.Orders.Application.csproj", "{53590B13-8FCF-468A-AB08-3473E2EC9A4D}"
EndProject
Project("{9A19103F-16F7-4668-BE54-9A1E7A4F7556}") = "LM.Orders.Contracts", "source\Services\LM.Orders.Contracts\LM.Orders.Contracts.csproj", "{1D9F60BE-8A1F-43BB-877E-1FBDE53AB806}"
EndProject
Project("{9A19103F-16F7-4668-BE54-9A1E7A4F7556}") = "LM.Orders.Domain", "source\Services\LM.Orders.Domain\LM.Orders.Domain.csproj", "{C2E816D2-AB29-4259-896E-E44B7FC511E4}"
EndProject
Project("{9A19103F-16F7-4668-BE54-9A1E7A4F7556}") = "LM.Orders.Infrastructure", "source\Services\LM.Orders.Infrastructure\LM.Orders.Infrastructure.csproj", "{23303FDE-9C42-4070-83A8-60B21855B052}"
EndProject
Project("{2150E333-8FDC-42A3-9474-1A3956D46DE8}") = "Migrations", "Migrations", "{14A19EDE-49CA-4611-B4AE-12253C937583}"
EndProject
Project("{9A19103F-16F7-4668-BE54-9A1E7A4F7556}") = "LM.Orders.Migrations", "Migrations\LM.Orders.Migrations\LM.Orders.Migrations.csproj", "{6F7A59A8-392A-441D-9903-39ADE8A89A61}"
EndProject
Project("{2150E333-8FDC-42A3-9474-1A3956D46DE8}") = "Tests", "Tests", "{54A2F168-46DA-4E94-A709-EDBA75EBBAF0}"
EndProject
Project("{9A19103F-16F7-4668-BE54-9A1E7A4F7556}") = "LM.Orders.Api.Tests", "Tests\LM.Orders.Api.Tests\LM.Orders.Api.Tests.csproj", "{1762C4D9-0971-46D8-BA78-68CF82F92523}"
EndProject
Project("{9A19103F-16F7-4668-BE54-9A1E7A4F7556}") = "LM.Orders.Application.Tests", "Tests\LM.Orders.Application.Tests\LM.Orders.Application.Tests.csproj", "{EE235EBC-92B6-47DE-A539-592B850F5BAC}"
EndProject
Project("{9A19103F-16F7-4668-BE54-9A1E7A4F7556}") = "LM.Orders.Domain.Tests", "Tests\LM.Orders.Domain.Tests\LM.Orders.Domain.Tests.csproj", "{8D766909-4822-47AA-86E4-28A579D57B44}"
EndProject
Project("{2150E333-8FDC-42A3-9474-1A3956D46DE8}") = "Core", "Core", "{DABC7497-BA79-40B0-809A-D43EB4208C76}"
EndProject
Project("{9A19103F-16F7-4668-BE54-9A1E7A4F7556}") = "LM.SharedKernel", "Core\LM.SharedKernel\LM.SharedKernel.csproj", "{CF558A61-EF2B-4B15-BD6B-0680BD8D3DAD}"
EndProject
Global
	GlobalSection(SolutionConfigurationPlatforms) = preSolution
		Debug|Any CPU = Debug|Any CPU
		Release|Any CPU = Release|Any CPU
	EndGlobalSection
	GlobalSection(ProjectConfigurationPlatforms) = postSolution
		{7134AEFA-9988-425D-8CAD-862EE3222DD2}.Debug|Any CPU.ActiveCfg = Debug|Any CPU
		{7134AEFA-9988-425D-8CAD-862EE3222DD2}.Debug|Any CPU.Build.0 = Debug|Any CPU
		{7134AEFA-9988-425D-8CAD-862EE3222DD2}.Release|Any CPU.ActiveCfg = Release|Any CPU
		{7134AEFA-9988-425D-8CAD-862EE3222DD2}.Release|Any CPU.Build.0 = Release|Any CPU
		{53590B13-8FCF-468A-AB08-3473E2EC9A4D}.Debug|Any CPU.ActiveCfg = Debug|Any CPU
		{53590B13-8FCF-468A-AB08-3473E2EC9A4D}.Debug|Any CPU.Build.0 = Debug|Any CPU
		{53590B13-8FCF-468A-AB08-3473E2EC9A4D}.Release|Any CPU.ActiveCfg = Release|Any CPU
		{53590B13-8FCF-468A-AB08-3473E2EC9A4D}.Release|Any CPU.Build.0 = Release|Any CPU
		{1D9F60BE-8A1F-43BB-877E-1FBDE53AB806}.Debug|Any CPU.ActiveCfg = Debug|Any CPU
		{1D9F60BE-8A1F-43BB-877E-1FBDE53AB806}.Debug|Any CPU.Build.0 = Debug|Any CPU
		{1D9F60BE-8A1F-43BB-877E-1FBDE53AB806}.Release|Any CPU.ActiveCfg = Release|Any CPU
		{1D9F60BE-8A1F-43BB-877E-1FBDE53AB806}.Release|Any CPU.Build.0 = Release|Any CPU
		{C2E816D2-AB29-4259-896E-E44B7FC511E4}.Debug|Any CPU.ActiveCfg = Debug|Any CPU
		{C2E816D2-AB29-4259-896E-E44B7FC511E4}.Debug|Any CPU.Build.0 = Debug|Any CPU
		{C2E816D2-AB29-4259-896E-E44B7FC511E4}.Release|Any CPU.ActiveCfg = Release|Any CPU
		{C2E816D2-AB29-4259-896E-E44B7FC511E4}.Release|Any CPU.Build.0 = Release|Any CPU
		{23303FDE-9C42-4070-83A8-60B21855B052}.Debug|Any CPU.ActiveCfg = Debug|Any CPU
		{23303FDE-9C42-4070-83A8-60B21855B052}.Debug|Any CPU.Build.0 = Debug|Any CPU
		{23303FDE-9C42-4070-83A8-60B21855B052}.Release|Any CPU.ActiveCfg = Release|Any CPU
		{23303FDE-9C42-4070-83A8-60B21855B052}.Release|Any CPU.Build.0 = Release|Any CPU
		{6F7A59A8-392A-441D-9903-39ADE8A89A61}.Debug|Any CPU.ActiveCfg = Debug|Any CPU
		{6F7A59A8-392A-441D-9903-39ADE8A89A61}.Debug|Any CPU.Build.0 = Debug|Any CPU
		{6F7A59A8-392A-441D-9903-39ADE8A89A61}.Release|Any CPU.ActiveCfg = Release|Any CPU
		{6F7A59A8-392A-441D-9903-39ADE8A89A61}.Release|Any CPU.Build.0 = Release|Any CPU
		{1762C4D9-0971-46D8-BA78-68CF82F92523}.Debug|Any CPU.ActiveCfg = Debug|Any CPU
		{1762C4D9-0971-46D8-BA78-68CF82F92523}.Debug|Any CPU.Build.0 = Debug|Any CPU
		{1762C4D9-0971-46D8-BA78-68CF82F92523}.Release|Any CPU.ActiveCfg = Release|Any CPU
		{1762C4D9-0971-46D8-BA78-68CF82F92523}.Release|Any CPU.Build.0 = Release|Any CPU
		{EE235EBC-92B6-47DE-A539-592B850F5BAC}.Debug|Any CPU.ActiveCfg = Debug|Any CPU
		{EE235EBC-92B6-47DE-A539-592B850F5BAC}.Debug|Any CPU.Build.0 = Debug|Any CPU
		{EE235EBC-92B6-47DE-A539-592B850F5BAC}.Release|Any CPU.ActiveCfg = Release|Any CPU
		{EE235EBC-92B6-47DE-A539-592B850F5BAC}.Release|Any CPU.Build.0 = Release|Any CPU
		{8D766909-4822-47AA-86E4-28A579D57B44}.Debug|Any CPU.ActiveCfg = Debug|Any CPU
		{8D766909-4822-47AA-86E4-28A579D57B44}.Debug|Any CPU.Build.0 = Debug|Any CPU
		{8D766909-4822-47AA-86E4-28A579D57B44}.Release|Any CPU.ActiveCfg = Release|Any CPU
		{8D766909-4822-47AA-86E4-28A579D57B44}.Release|Any CPU.Build.0 = Release|Any CPU
		{CF558A61-EF2B-4B15-BD6B-0680BD8D3DAD}.Debug|Any CPU.ActiveCfg = Debug|Any CPU
		{CF558A61-EF2B-4B15-BD6B-0680BD8D3DAD}.Debug|Any CPU.Build.0 = Debug|Any CPU
		{CF558A61-EF2B-4B15-BD6B-0680BD8D3DAD}.Release|Any CPU.ActiveCfg = Release|Any CPU
		{CF558A61-EF2B-4B15-BD6B-0680BD8D3DAD}.Release|Any CPU.Build.0 = Release|Any CPU
	EndGlobalSection
	GlobalSection(SolutionProperties) = preSolution
		HideSolutionNode = FALSE
	EndGlobalSection
	GlobalSection(NestedProjects) = preSolution
		{22694B67-62A4-4DFF-ACEE-067734C2E426} = {34C46EA8-A3F0-42C7-9D54-9F983CE87261}
		{7134AEFA-9988-425D-8CAD-862EE3222DD2} = {22694B67-62A4-4DFF-ACEE-067734C2E426}
		{53590B13-8FCF-468A-AB08-3473E2EC9A4D} = {22694B67-62A4-4DFF-ACEE-067734C2E426}
		{1D9F60BE-8A1F-43BB-877E-1FBDE53AB806} = {22694B67-62A4-4DFF-ACEE-067734C2E426}
		{C2E816D2-AB29-4259-896E-E44B7FC511E4} = {22694B67-62A4-4DFF-ACEE-067734C2E426}
		{23303FDE-9C42-4070-83A8-60B21855B052} = {22694B67-62A4-4DFF-ACEE-067734C2E426}
		{6F7A59A8-392A-441D-9903-39ADE8A89A61} = {14A19EDE-49CA-4611-B4AE-12253C937583}
		{1762C4D9-0971-46D8-BA78-68CF82F92523} = {54A2F168-46DA-4E94-A709-EDBA75EBBAF0}
		{EE235EBC-92B6-47DE-A539-592B850F5BAC} = {54A2F168-46DA-4E94-A709-EDBA75EBBAF0}
		{8D766909-4822-47AA-86E4-28A579D57B44} = {54A2F168-46DA-4E94-A709-EDBA75EBBAF0}
		{CF558A61-EF2B-4B15-BD6B-0680BD8D3DAD} = {DABC7497-BA79-40B0-809A-D43EB4208C76}
	EndGlobalSection
	GlobalSection(ExtensibilityGlobals) = postSolution
		SolutionGuid = {25F44D96-37BA-4D2A-85D6-C102C15C119E}
	EndGlobalSection
EndGlobal
